// !$*UTF8*$!
{
	archiveVersion = 1;
	classes = {
	};
	objectVersion = 46;
	objects = {

/* Begin PBXBuildFile section */
		4A35F7CF1C75083C0020B6BF /* AppDelegate.swift in Sources */ = {isa = PBXBuildFile; fileRef = 4A35F7CE1C75083C0020B6BF /* AppDelegate.swift */; };
		4A35F7D11C75083C0020B6BF /* ViewController.swift in Sources */ = {isa = PBXBuildFile; fileRef = 4A35F7D01C75083C0020B6BF /* ViewController.swift */; };
		4A35F7D41C75083C0020B6BF /* Main.storyboard in Resources */ = {isa = PBXBuildFile; fileRef = 4A35F7D21C75083C0020B6BF /* Main.storyboard */; };
		4A35F7D61C75083C0020B6BF /* Assets.xcassets in Resources */ = {isa = PBXBuildFile; fileRef = 4A35F7D51C75083C0020B6BF /* Assets.xcassets */; };
		4A35F7D91C75083C0020B6BF /* LaunchScreen.storyboard in Resources */ = {isa = PBXBuildFile; fileRef = 4A35F7D71C75083C0020B6BF /* LaunchScreen.storyboard */; };
		4A35F7E41C75083C0020B6BF /* CompassGroupTests.swift in Sources */ = {isa = PBXBuildFile; fileRef = 4A35F7E31C75083C0020B6BF /* CompassGroupTests.swift */; };
		4A35F7EF1C75083C0020B6BF /* CompassGroupUITests.swift in Sources */ = {isa = PBXBuildFile; fileRef = 4A35F7EE1C75083C0020B6BF /* CompassGroupUITests.swift */; };
		4A35F7FD1C7553C00020B6BF /* UserModel.swift in Sources */ = {isa = PBXBuildFile; fileRef = 4A35F7FC1C7553C00020B6BF /* UserModel.swift */; };
		4A35F7FF1C755D180020B6BF /* GroupModel.swift in Sources */ = {isa = PBXBuildFile; fileRef = 4A35F7FE1C755D180020B6BF /* GroupModel.swift */; };
		4A35F8031C76354B0020B6BF /* HTTPHelper.swift in Sources */ = {isa = PBXBuildFile; fileRef = 4A35F8021C76354B0020B6BF /* HTTPHelper.swift */; };
		6B3BB3660CADA3902F15226A /* libPods-CompassGroup.a in Frameworks */ = {isa = PBXBuildFile; fileRef = 01C5FBB0A803AA45E7EF56A9 /* libPods-CompassGroup.a */; };
/* End PBXBuildFile section */

/* Begin PBXContainerItemProxy section */
		4A35F7E01C75083C0020B6BF /* PBXContainerItemProxy */ = {
			isa = PBXContainerItemProxy;
			containerPortal = 4A35F7C31C75083C0020B6BF /* Project object */;
			proxyType = 1;
			remoteGlobalIDString = 4A35F7CA1C75083C0020B6BF;
			remoteInfo = CompassGroup;
		};
		4A35F7EB1C75083C0020B6BF /* PBXContainerItemProxy */ = {
			isa = PBXContainerItemProxy;
			containerPortal = 4A35F7C31C75083C0020B6BF /* Project object */;
			proxyType = 1;
			remoteGlobalIDString = 4A35F7CA1C75083C0020B6BF;
			remoteInfo = CompassGroup;
		};
/* End PBXContainerItemProxy section */

/* Begin PBXFileReference section */
		01C5FBB0A803AA45E7EF56A9 /* libPods-CompassGroup.a */ = {isa = PBXFileReference; explicitFileType = archive.ar; includeInIndex = 0; path = "libPods-CompassGroup.a"; sourceTree = BUILT_PRODUCTS_DIR; };
		1DE27167451C4B84E1A76A2F /* Pods-CompassGroup.release.xcconfig */ = {isa = PBXFileReference; includeInIndex = 1; lastKnownFileType = text.xcconfig; name = "Pods-CompassGroup.release.xcconfig"; path = "Pods/Target Support Files/Pods-CompassGroup/Pods-CompassGroup.release.xcconfig"; sourceTree = "<group>"; };
		4A35F7CB1C75083C0020B6BF /* CompassGroup.app */ = {isa = PBXFileReference; explicitFileType = wrapper.application; includeInIndex = 0; path = CompassGroup.app; sourceTree = BUILT_PRODUCTS_DIR; };
		4A35F7CE1C75083C0020B6BF /* AppDelegate.swift */ = {isa = PBXFileReference; lastKnownFileType = sourcecode.swift; path = AppDelegate.swift; sourceTree = "<group>"; };
		4A35F7D01C75083C0020B6BF /* ViewController.swift */ = {isa = PBXFileReference; lastKnownFileType = sourcecode.swift; path = ViewController.swift; sourceTree = "<group>"; };
		4A35F7D31C75083C0020B6BF /* Base */ = {isa = PBXFileReference; lastKnownFileType = file.storyboard; name = Base; path = Base.lproj/Main.storyboard; sourceTree = "<group>"; };
		4A35F7D51C75083C0020B6BF /* Assets.xcassets */ = {isa = PBXFileReference; lastKnownFileType = folder.assetcatalog; path = Assets.xcassets; sourceTree = "<group>"; };
		4A35F7D81C75083C0020B6BF /* Base */ = {isa = PBXFileReference; lastKnownFileType = file.storyboard; name = Base; path = Base.lproj/LaunchScreen.storyboard; sourceTree = "<group>"; };
		4A35F7DA1C75083C0020B6BF /* Info.plist */ = {isa = PBXFileReference; lastKnownFileType = text.plist.xml; path = Info.plist; sourceTree = "<group>"; };
		4A35F7DF1C75083C0020B6BF /* CompassGroupTests.xctest */ = {isa = PBXFileReference; explicitFileType = wrapper.cfbundle; includeInIndex = 0; path = CompassGroupTests.xctest; sourceTree = BUILT_PRODUCTS_DIR; };
		4A35F7E31C75083C0020B6BF /* CompassGroupTests.swift */ = {isa = PBXFileReference; lastKnownFileType = sourcecode.swift; path = CompassGroupTests.swift; sourceTree = "<group>"; };
		4A35F7E51C75083C0020B6BF /* Info.plist */ = {isa = PBXFileReference; lastKnownFileType = text.plist.xml; path = Info.plist; sourceTree = "<group>"; };
		4A35F7EA1C75083C0020B6BF /* CompassGroupUITests.xctest */ = {isa = PBXFileReference; explicitFileType = wrapper.cfbundle; includeInIndex = 0; path = CompassGroupUITests.xctest; sourceTree = BUILT_PRODUCTS_DIR; };
		4A35F7EE1C75083C0020B6BF /* CompassGroupUITests.swift */ = {isa = PBXFileReference; lastKnownFileType = sourcecode.swift; path = CompassGroupUITests.swift; sourceTree = "<group>"; };
		4A35F7F01C75083C0020B6BF /* Info.plist */ = {isa = PBXFileReference; lastKnownFileType = text.plist.xml; path = Info.plist; sourceTree = "<group>"; };
		4A35F7FC1C7553C00020B6BF /* UserModel.swift */ = {isa = PBXFileReference; fileEncoding = 4; lastKnownFileType = sourcecode.swift; path = UserModel.swift; sourceTree = "<group>"; };
		4A35F7FE1C755D180020B6BF /* GroupModel.swift */ = {isa = PBXFileReference; fileEncoding = 4; lastKnownFileType = sourcecode.swift; path = GroupModel.swift; sourceTree = "<group>"; };
		4A35F8021C76354B0020B6BF /* HTTPHelper.swift */ = {isa = PBXFileReference; fileEncoding = 4; lastKnownFileType = sourcecode.swift; name = HTTPHelper.swift; path = ../HTTPHelper.swift; sourceTree = "<group>"; };
		4A3FE3541CA9A0B700EECC24 /* CompassGroup-Bridging-Header.h */ = {isa = PBXFileReference; lastKnownFileType = sourcecode.c.h; path = "CompassGroup-Bridging-Header.h"; sourceTree = "<group>"; };
		DB6320D6727DA2C3CDE3E560 /* Pods-CompassGroup.debug.xcconfig */ = {isa = PBXFileReference; includeInIndex = 1; lastKnownFileType = text.xcconfig; name = "Pods-CompassGroup.debug.xcconfig"; path = "Pods/Target Support Files/Pods-CompassGroup/Pods-CompassGroup.debug.xcconfig"; sourceTree = "<group>"; };
/* End PBXFileReference section */

/* Begin PBXFrameworksBuildPhase section */
		4A35F7C81C75083C0020B6BF /* Frameworks */ = {
			isa = PBXFrameworksBuildPhase;
			buildActionMask = 2147483647;
			files = (
				6B3BB3660CADA3902F15226A /* libPods-CompassGroup.a in Frameworks */,
			);
			runOnlyForDeploymentPostprocessing = 0;
		};
		4A35F7DC1C75083C0020B6BF /* Frameworks */ = {
			isa = PBXFrameworksBuildPhase;
			buildActionMask = 2147483647;
			files = (
			);
			runOnlyForDeploymentPostprocessing = 0;
		};
		4A35F7E71C75083C0020B6BF /* Frameworks */ = {
			isa = PBXFrameworksBuildPhase;
			buildActionMask = 2147483647;
			files = (
			);
			runOnlyForDeploymentPostprocessing = 0;
		};
/* End PBXFrameworksBuildPhase section */

/* Begin PBXGroup section */
		429A07FC0947D7A48E43C5C0 /* Pods */ = {
			isa = PBXGroup;
			children = (
				DB6320D6727DA2C3CDE3E560 /* Pods-CompassGroup.debug.xcconfig */,
				1DE27167451C4B84E1A76A2F /* Pods-CompassGroup.release.xcconfig */,
			);
			name = Pods;
			sourceTree = "<group>";
		};
		4A35F7C21C75083C0020B6BF = {
			isa = PBXGroup;
			children = (
				4A35F7CD1C75083C0020B6BF /* CompassGroup */,
				4A35F7E21C75083C0020B6BF /* CompassGroupTests */,
				4A35F7ED1C75083C0020B6BF /* CompassGroupUITests */,
				4A35F7CC1C75083C0020B6BF /* Products */,
				429A07FC0947D7A48E43C5C0 /* Pods */,
				4A4E548B1A77223E73F6FCF8 /* Frameworks */,
			);
			sourceTree = "<group>";
		};
		4A35F7CC1C75083C0020B6BF /* Products */ = {
			isa = PBXGroup;
			children = (
				4A35F7CB1C75083C0020B6BF /* CompassGroup.app */,
				4A35F7DF1C75083C0020B6BF /* CompassGroupTests.xctest */,
				4A35F7EA1C75083C0020B6BF /* CompassGroupUITests.xctest */,
			);
			name = Products;
			sourceTree = "<group>";
		};
		4A35F7CD1C75083C0020B6BF /* CompassGroup */ = {
			isa = PBXGroup;
			children = (
				4A35F8021C76354B0020B6BF /* HTTPHelper.swift */,
				4A35F7CE1C75083C0020B6BF /* AppDelegate.swift */,
				4A35F7D01C75083C0020B6BF /* ViewController.swift */,
				4A35F7D21C75083C0020B6BF /* Main.storyboard */,
				4A35F7D51C75083C0020B6BF /* Assets.xcassets */,
				4A35F7D71C75083C0020B6BF /* LaunchScreen.storyboard */,
				4A35F7DA1C75083C0020B6BF /* Info.plist */,
				4A35F7FC1C7553C00020B6BF /* UserModel.swift */,
				4A35F7FE1C755D180020B6BF /* GroupModel.swift */,
				4A3FE3541CA9A0B700EECC24 /* CompassGroup-Bridging-Header.h */,
			);
			path = CompassGroup;
			sourceTree = "<group>";
		};
		4A35F7E21C75083C0020B6BF /* CompassGroupTests */ = {
			isa = PBXGroup;
			children = (
				4A35F7E31C75083C0020B6BF /* CompassGroupTests.swift */,
				4A35F7E51C75083C0020B6BF /* Info.plist */,
			);
			path = CompassGroupTests;
			sourceTree = "<group>";
		};
		4A35F7ED1C75083C0020B6BF /* CompassGroupUITests */ = {
			isa = PBXGroup;
			children = (
				4A35F7EE1C75083C0020B6BF /* CompassGroupUITests.swift */,
				4A35F7F01C75083C0020B6BF /* Info.plist */,
			);
			path = CompassGroupUITests;
			sourceTree = "<group>";
		};
		4A4E548B1A77223E73F6FCF8 /* Frameworks */ = {
			isa = PBXGroup;
			children = (
				01C5FBB0A803AA45E7EF56A9 /* libPods-CompassGroup.a */,
			);
			name = Frameworks;
			sourceTree = "<group>";
		};
/* End PBXGroup section */

/* Begin PBXNativeTarget section */
		4A35F7CA1C75083C0020B6BF /* CompassGroup */ = {
			isa = PBXNativeTarget;
			buildConfigurationList = 4A35F7F31C75083C0020B6BF /* Build configuration list for PBXNativeTarget "CompassGroup" */;
			buildPhases = (
				788BD370CA6CA04DC0A5CDE7 /* Check Pods Manifest.lock */,
				4A35F7C71C75083C0020B6BF /* Sources */,
				4A35F7C81C75083C0020B6BF /* Frameworks */,
				4A35F7C91C75083C0020B6BF /* Resources */,
				B73610C0B6CD2E483A993207 /* Embed Pods Frameworks */,
				07241DD960A83CE1656E0DF8 /* Copy Pods Resources */,
			);
			buildRules = (
			);
			dependencies = (
			);
			name = CompassGroup;
			productName = CompassGroup;
			productReference = 4A35F7CB1C75083C0020B6BF /* CompassGroup.app */;
			productType = "com.apple.product-type.application";
		};
		4A35F7DE1C75083C0020B6BF /* CompassGroupTests */ = {
			isa = PBXNativeTarget;
			buildConfigurationList = 4A35F7F61C75083C0020B6BF /* Build configuration list for PBXNativeTarget "CompassGroupTests" */;
			buildPhases = (
				4A35F7DB1C75083C0020B6BF /* Sources */,
				4A35F7DC1C75083C0020B6BF /* Frameworks */,
				4A35F7DD1C75083C0020B6BF /* Resources */,
			);
			buildRules = (
			);
			dependencies = (
				4A35F7E11C75083C0020B6BF /* PBXTargetDependency */,
			);
			name = CompassGroupTests;
			productName = CompassGroupTests;
			productReference = 4A35F7DF1C75083C0020B6BF /* CompassGroupTests.xctest */;
			productType = "com.apple.product-type.bundle.unit-test";
		};
		4A35F7E91C75083C0020B6BF /* CompassGroupUITests */ = {
			isa = PBXNativeTarget;
			buildConfigurationList = 4A35F7F91C75083C0020B6BF /* Build configuration list for PBXNativeTarget "CompassGroupUITests" */;
			buildPhases = (
				4A35F7E61C75083C0020B6BF /* Sources */,
				4A35F7E71C75083C0020B6BF /* Frameworks */,
				4A35F7E81C75083C0020B6BF /* Resources */,
			);
			buildRules = (
			);
			dependencies = (
				4A35F7EC1C75083C0020B6BF /* PBXTargetDependency */,
			);
			name = CompassGroupUITests;
			productName = CompassGroupUITests;
			productReference = 4A35F7EA1C75083C0020B6BF /* CompassGroupUITests.xctest */;
			productType = "com.apple.product-type.bundle.ui-testing";
		};
/* End PBXNativeTarget section */

/* Begin PBXProject section */
		4A35F7C31C75083C0020B6BF /* Project object */ = {
			isa = PBXProject;
			attributes = {
				LastSwiftUpdateCheck = 0720;
				LastUpgradeCheck = 0720;
				ORGANIZATIONNAME = "Songge Chen";
				TargetAttributes = {
					4A35F7CA1C75083C0020B6BF = {
						CreatedOnToolsVersion = 7.2.1;
					};
					4A35F7DE1C75083C0020B6BF = {
						CreatedOnToolsVersion = 7.2.1;
						TestTargetID = 4A35F7CA1C75083C0020B6BF;
					};
					4A35F7E91C75083C0020B6BF = {
						CreatedOnToolsVersion = 7.2.1;
						TestTargetID = 4A35F7CA1C75083C0020B6BF;
					};
				};
			};
			buildConfigurationList = 4A35F7C61C75083C0020B6BF /* Build configuration list for PBXProject "CompassGroup" */;
			compatibilityVersion = "Xcode 3.2";
			developmentRegion = English;
			hasScannedForEncodings = 0;
			knownRegions = (
				en,
				Base,
			);
			mainGroup = 4A35F7C21C75083C0020B6BF;
			productRefGroup = 4A35F7CC1C75083C0020B6BF /* Products */;
			projectDirPath = "";
			projectRoot = "";
			targets = (
				4A35F7CA1C75083C0020B6BF /* CompassGroup */,
				4A35F7DE1C75083C0020B6BF /* CompassGroupTests */,
				4A35F7E91C75083C0020B6BF /* CompassGroupUITests */,
			);
		};
/* End PBXProject section */

/* Begin PBXResourcesBuildPhase section */
		4A35F7C91C75083C0020B6BF /* Resources */ = {
			isa = PBXResourcesBuildPhase;
			buildActionMask = 2147483647;
			files = (
				4A35F7D91C75083C0020B6BF /* LaunchScreen.storyboard in Resources */,
				4A35F7D61C75083C0020B6BF /* Assets.xcassets in Resources */,
				4A35F7D41C75083C0020B6BF /* Main.storyboard in Resources */,
			);
			runOnlyForDeploymentPostprocessing = 0;
		};
		4A35F7DD1C75083C0020B6BF /* Resources */ = {
			isa = PBXResourcesBuildPhase;
			buildActionMask = 2147483647;
			files = (
			);
			runOnlyForDeploymentPostprocessing = 0;
		};
		4A35F7E81C75083C0020B6BF /* Resources */ = {
			isa = PBXResourcesBuildPhase;
			buildActionMask = 2147483647;
			files = (
			);
			runOnlyForDeploymentPostprocessing = 0;
		};
/* End PBXResourcesBuildPhase section */

/* Begin PBXShellScriptBuildPhase section */
		07241DD960A83CE1656E0DF8 /* Copy Pods Resources */ = {
			isa = PBXShellScriptBuildPhase;
			buildActionMask = 2147483647;
			files = (
			);
			inputPaths = (
			);
			name = "Copy Pods Resources";
			outputPaths = (
			);
			runOnlyForDeploymentPostprocessing = 0;
			shellPath = /bin/sh;
			shellScript = "\"${SRCROOT}/Pods/Target Support Files/Pods-CompassGroup/Pods-CompassGroup-resources.sh\"\n";
			showEnvVarsInLog = 0;
		};
		788BD370CA6CA04DC0A5CDE7 /* Check Pods Manifest.lock */ = {
			isa = PBXShellScriptBuildPhase;
			buildActionMask = 2147483647;
			files = (
			);
			inputPaths = (
			);
			name = "Check Pods Manifest.lock";
			outputPaths = (
			);
			runOnlyForDeploymentPostprocessing = 0;
			shellPath = /bin/sh;
			shellScript = "diff \"${PODS_ROOT}/../Podfile.lock\" \"${PODS_ROOT}/Manifest.lock\" > /dev/null\nif [[ $? != 0 ]] ; then\n    cat << EOM\nerror: The sandbox is not in sync with the Podfile.lock. Run 'pod install' or update your CocoaPods installation.\nEOM\n    exit 1\nfi\n";
			showEnvVarsInLog = 0;
		};
		B73610C0B6CD2E483A993207 /* Embed Pods Frameworks */ = {
			isa = PBXShellScriptBuildPhase;
			buildActionMask = 2147483647;
			files = (
			);
			inputPaths = (
			);
			name = "Embed Pods Frameworks";
			outputPaths = (
			);
			runOnlyForDeploymentPostprocessing = 0;
			shellPath = /bin/sh;
			shellScript = "\"${SRCROOT}/Pods/Target Support Files/Pods-CompassGroup/Pods-CompassGroup-frameworks.sh\"\n";
			showEnvVarsInLog = 0;
		};
/* End PBXShellScriptBuildPhase section */

/* Begin PBXSourcesBuildPhase section */
		4A35F7C71C75083C0020B6BF /* Sources */ = {
			isa = PBXSourcesBuildPhase;
			buildActionMask = 2147483647;
			files = (
				4A35F7D11C75083C0020B6BF /* ViewController.swift in Sources */,
				4A35F7FF1C755D180020B6BF /* GroupModel.swift in Sources */,
				4A35F8031C76354B0020B6BF /* HTTPHelper.swift in Sources */,
				4A35F7FD1C7553C00020B6BF /* UserModel.swift in Sources */,
				4A35F7CF1C75083C0020B6BF /* AppDelegate.swift in Sources */,
			);
			runOnlyForDeploymentPostprocessing = 0;
		};
		4A35F7DB1C75083C0020B6BF /* Sources */ = {
			isa = PBXSourcesBuildPhase;
			buildActionMask = 2147483647;
			files = (
				4A35F7E41C75083C0020B6BF /* CompassGroupTests.swift in Sources */,
			);
			runOnlyForDeploymentPostprocessing = 0;
		};
		4A35F7E61C75083C0020B6BF /* Sources */ = {
			isa = PBXSourcesBuildPhase;
			buildActionMask = 2147483647;
			files = (
				4A35F7EF1C75083C0020B6BF /* CompassGroupUITests.swift in Sources */,
			);
			runOnlyForDeploymentPostprocessing = 0;
		};
/* End PBXSourcesBuildPhase section */

/* Begin PBXTargetDependency section */
		4A35F7E11C75083C0020B6BF /* PBXTargetDependency */ = {
			isa = PBXTargetDependency;
			target = 4A35F7CA1C75083C0020B6BF /* CompassGroup */;
			targetProxy = 4A35F7E01C75083C0020B6BF /* PBXContainerItemProxy */;
		};
		4A35F7EC1C75083C0020B6BF /* PBXTargetDependency */ = {
			isa = PBXTargetDependency;
			target = 4A35F7CA1C75083C0020B6BF /* CompassGroup */;
			targetProxy = 4A35F7EB1C75083C0020B6BF /* PBXContainerItemProxy */;
		};
/* End PBXTargetDependency section */

/* Begin PBXVariantGroup section */
		4A35F7D21C75083C0020B6BF /* Main.storyboard */ = {
			isa = PBXVariantGroup;
			children = (
				4A35F7D31C75083C0020B6BF /* Base */,
			);
			name = Main.storyboard;
			sourceTree = "<group>";
		};
		4A35F7D71C75083C0020B6BF /* LaunchScreen.storyboard */ = {
			isa = PBXVariantGroup;
			children = (
				4A35F7D81C75083C0020B6BF /* Base */,
			);
			name = LaunchScreen.storyboard;
			sourceTree = "<group>";
		};
/* End PBXVariantGroup section */

/* Begin XCBuildConfiguration section */
		4A35F7F11C75083C0020B6BF /* Debug */ = {
			isa = XCBuildConfiguration;
			buildSettings = {
				ALWAYS_SEARCH_USER_PATHS = NO;
				CLANG_CXX_LANGUAGE_STANDARD = "gnu++0x";
				CLANG_CXX_LIBRARY = "libc++";
				CLANG_ENABLE_MODULES = YES;
				CLANG_ENABLE_OBJC_ARC = YES;
				CLANG_WARN_BOOL_CONVERSION = YES;
				CLANG_WARN_CONSTANT_CONVERSION = YES;
				CLANG_WARN_DIRECT_OBJC_ISA_USAGE = YES_ERROR;
				CLANG_WARN_EMPTY_BODY = YES;
				CLANG_WARN_ENUM_CONVERSION = YES;
				CLANG_WARN_INT_CONVERSION = YES;
				CLANG_WARN_OBJC_ROOT_CLASS = YES_ERROR;
				CLANG_WARN_UNREACHABLE_CODE = YES;
				CLANG_WARN__DUPLICATE_METHOD_MATCH = YES;
				"CODE_SIGN_IDENTITY[sdk=iphoneos*]" = "iPhone Developer";
				COPY_PHASE_STRIP = NO;
				DEBUG_INFORMATION_FORMAT = dwarf;
				ENABLE_STRICT_OBJC_MSGSEND = YES;
				ENABLE_TESTABILITY = YES;
				GCC_C_LANGUAGE_STANDARD = gnu99;
				GCC_DYNAMIC_NO_PIC = NO;
				GCC_NO_COMMON_BLOCKS = YES;
				GCC_OPTIMIZATION_LEVEL = 0;
				GCC_PREPROCESSOR_DEFINITIONS = (
					"DEBUG=1",
					"$(inherited)",
				);
				GCC_WARN_64_TO_32_BIT_CONVERSION = YES;
				GCC_WARN_ABOUT_RETURN_TYPE = YES_ERROR;
				GCC_WARN_UNDECLARED_SELECTOR = YES;
				GCC_WARN_UNINITIALIZED_AUTOS = YES_AGGRESSIVE;
				GCC_WARN_UNUSED_FUNCTION = YES;
				GCC_WARN_UNUSED_VARIABLE = YES;
				IPHONEOS_DEPLOYMENT_TARGET = 9.2;
				MTL_ENABLE_DEBUG_INFO = YES;
				ONLY_ACTIVE_ARCH = YES;
				SDKROOT = iphoneos;
				SWIFT_OPTIMIZATION_LEVEL = "-Onone";
				TARGETED_DEVICE_FAMILY = "1,2";
			};
			name = Debug;
		};
		4A35F7F21C75083C0020B6BF /* Release */ = {
			isa = XCBuildConfiguration;
			buildSettings = {
				ALWAYS_SEARCH_USER_PATHS = NO;
				CLANG_CXX_LANGUAGE_STANDARD = "gnu++0x";
				CLANG_CXX_LIBRARY = "libc++";
				CLANG_ENABLE_MODULES = YES;
				CLANG_ENABLE_OBJC_ARC = YES;
				CLANG_WARN_BOOL_CONVERSION = YES;
				CLANG_WARN_CONSTANT_CONVERSION = YES;
				CLANG_WARN_DIRECT_OBJC_ISA_USAGE = YES_ERROR;
				CLANG_WARN_EMPTY_BODY = YES;
				CLANG_WARN_ENUM_CONVERSION = YES;
				CLANG_WARN_INT_CONVERSION = YES;
				CLANG_WARN_OBJC_ROOT_CLASS = YES_ERROR;
				CLANG_WARN_UNREACHABLE_CODE = YES;
				CLANG_WARN__DUPLICATE_METHOD_MATCH = YES;
				"CODE_SIGN_IDENTITY[sdk=iphoneos*]" = "iPhone Developer";
				COPY_PHASE_STRIP = NO;
				DEBUG_INFORMATION_FORMAT = "dwarf-with-dsym";
				ENABLE_NS_ASSERTIONS = NO;
				ENABLE_STRICT_OBJC_MSGSEND = YES;
				GCC_C_LANGUAGE_STANDARD = gnu99;
				GCC_NO_COMMON_BLOCKS = YES;
				GCC_WARN_64_TO_32_BIT_CONVERSION = YES;
				GCC_WARN_ABOUT_RETURN_TYPE = YES_ERROR;
				GCC_WARN_UNDECLARED_SELECTOR = YES;
				GCC_WARN_UNINITIALIZED_AUTOS = YES_AGGRESSIVE;
				GCC_WARN_UNUSED_FUNCTION = YES;
				GCC_WARN_UNUSED_VARIABLE = YES;
				IPHONEOS_DEPLOYMENT_TARGET = 9.2;
				MTL_ENABLE_DEBUG_INFO = NO;
				SDKROOT = iphoneos;
				TARGETED_DEVICE_FAMILY = "1,2";
				VALIDATE_PRODUCT = YES;
			};
			name = Release;
		};
		4A35F7F41C75083C0020B6BF /* Debug */ = {
			isa = XCBuildConfiguration;
			baseConfigurationReference = DB6320D6727DA2C3CDE3E560 /* Pods-CompassGroup.debug.xcconfig */;
			buildSettings = {
				ASSETCATALOG_COMPILER_APPICON_NAME = AppIcon;
				INFOPLIST_FILE = CompassGroup/Info.plist;
				LD_RUNPATH_SEARCH_PATHS = "$(inherited) @executable_path/Frameworks";
				PRODUCT_BUNDLE_IDENTIFIER = edu.wustl.CompassGroup;
				PRODUCT_NAME = "$(TARGET_NAME)";
				SWIFT_OBJC_BRIDGING_HEADER = "CompassGroup/CompassGroup-Bridging-Header.h";
			};
			name = Debug;
		};
		4A35F7F51C75083C0020B6BF /* Release */ = {
			isa = XCBuildConfiguration;
			baseConfigurationReference = 1DE27167451C4B84E1A76A2F /* Pods-CompassGroup.release.xcconfig */;
			buildSettings = {
				ASSETCATALOG_COMPILER_APPICON_NAME = AppIcon;
				INFOPLIST_FILE = CompassGroup/Info.plist;
				LD_RUNPATH_SEARCH_PATHS = "$(inherited) @executable_path/Frameworks";
				PRODUCT_BUNDLE_IDENTIFIER = edu.wustl.CompassGroup;
				PRODUCT_NAME = "$(TARGET_NAME)";
				SWIFT_OBJC_BRIDGING_HEADER = "CompassGroup/CompassGroup-Bridging-Header.h";
			};
			name = Release;
		};
		4A35F7F71C75083C0020B6BF /* Debug */ = {
			isa = XCBuildConfiguration;
			buildSettings = {
				BUNDLE_LOADER = "$(TEST_HOST)";
				INFOPLIST_FILE = CompassGroupTests/Info.plist;
				LD_RUNPATH_SEARCH_PATHS = "$(inherited) @executable_path/Frameworks @loader_path/Frameworks";
				PRODUCT_BUNDLE_IDENTIFIER = edu.wustl.CompassGroupTests;
				PRODUCT_NAME = "$(TARGET_NAME)";
				TEST_HOST = "$(BUILT_PRODUCTS_DIR)/CompassGroup.app/CompassGroup";
			};
			name = Debug;
		};
		4A35F7F81C75083C0020B6BF /* Release */ = {
			isa = XCBuildConfiguration;
			buildSettings = {
				BUNDLE_LOADER = "$(TEST_HOST)";
				INFOPLIST_FILE = CompassGroupTests/Info.plist;
				LD_RUNPATH_SEARCH_PATHS = "$(inherited) @executable_path/Frameworks @loader_path/Frameworks";
				PRODUCT_BUNDLE_IDENTIFIER = edu.wustl.CompassGroupTests;
				PRODUCT_NAME = "$(TARGET_NAME)";
				TEST_HOST = "$(BUILT_PRODUCTS_DIR)/CompassGroup.app/CompassGroup";
			};
			name = Release;
		};
		4A35F7FA1C75083C0020B6BF /* Debug */ = {
			isa = XCBuildConfiguration;
			buildSettings = {
				INFOPLIST_FILE = CompassGroupUITests/Info.plist;
				LD_RUNPATH_SEARCH_PATHS = "$(inherited) @executable_path/Frameworks @loader_path/Frameworks";
				PRODUCT_BUNDLE_IDENTIFIER = edu.wustl.CompassGroupUITests;
				PRODUCT_NAME = "$(TARGET_NAME)";
				TEST_TARGET_NAME = CompassGroup;
				USES_XCTRUNNER = YES;
			};
			name = Debug;
		};
		4A35F7FB1C75083C0020B6BF /* Release */ = {
			isa = XCBuildConfiguration;
			buildSettings = {
				INFOPLIST_FILE = CompassGroupUITests/Info.plist;
				LD_RUNPATH_SEARCH_PATHS = "$(inherited) @executable_path/Frameworks @loader_path/Frameworks";
				PRODUCT_BUNDLE_IDENTIFIER = edu.wustl.CompassGroupUITests;
				PRODUCT_NAME = "$(TARGET_NAME)";
				TEST_TARGET_NAME = CompassGroup;
				USES_XCTRUNNER = YES;
			};
			name = Release;
		};
/* End XCBuildConfiguration section */

/* Begin XCConfigurationList section */
		4A35F7C61C75083C0020B6BF /* Build configuration list for PBXProject "CompassGroup" */ = {
			isa = XCConfigurationList;
			buildConfigurations = (
				4A35F7F11C75083C0020B6BF /* Debug */,
				4A35F7F21C75083C0020B6BF /* Release */,
			);
			defaultConfigurationIsVisible = 0;
			defaultConfigurationName = Release;
		};
		4A35F7F31C75083C0020B6BF /* Build configuration list for PBXNativeTarget "CompassGroup" */ = {
			isa = XCConfigurationList;
			buildConfigurations = (
				4A35F7F41C75083C0020B6BF /* Debug */,
				4A35F7F51C75083C0020B6BF /* Release */,
			);
			defaultConfigurationIsVisible = 0;
			defaultConfigurationName = Release;
		};
		4A35F7F61C75083C0020B6BF /* Build configuration list for PBXNativeTarget "CompassGroupTests" */ = {
			isa = XCConfigurationList;
			buildConfigurations = (
				4A35F7F71C75083C0020B6BF /* Debug */,
				4A35F7F81C75083C0020B6BF /* Release */,
			);
			defaultConfigurationIsVisible = 0;
			defaultConfigurationName = Release;
		};
		4A35F7F91C75083C0020B6BF /* Build configuration list for PBXNativeTarget "CompassGroupUITests" */ = {
			isa = XCConfigurationList;
			buildConfigurations = (
				4A35F7FA1C75083C0020B6BF /* Debug */,
				4A35F7FB1C75083C0020B6BF /* Release */,
			);
			defaultConfigurationIsVisible = 0;
			defaultConfigurationName = Release;
		};
/* End XCConfigurationList section */
	};
	rootObject = 4A35F7C31C75083C0020B6BF /* Project object */;
}
